// !$*UTF8*$!
{
	archiveVersion = 1;
	classes = {
	};
	objectVersion = 50;
	objects = {

/* Begin PBXBuildFile section */
		726E85B1234C280800DB76D9 /* AppDelegate.swift in Sources */ = {isa = PBXBuildFile; fileRef = 726E85B0234C280800DB76D9 /* AppDelegate.swift */; };
		726E85B3234C280800DB76D9 /* SceneDelegate.swift in Sources */ = {isa = PBXBuildFile; fileRef = 726E85B2234C280800DB76D9 /* SceneDelegate.swift */; };
		726E85B6234C280800DB76D9 /* UITest.xcdatamodeld in Sources */ = {isa = PBXBuildFile; fileRef = 726E85B4234C280800DB76D9 /* UITest.xcdatamodeld */; };
		726E85B8234C280800DB76D9 /* ContentView.swift in Sources */ = {isa = PBXBuildFile; fileRef = 726E85B7234C280800DB76D9 /* ContentView.swift */; };
		726E85BA234C280B00DB76D9 /* Assets.xcassets in Resources */ = {isa = PBXBuildFile; fileRef = 726E85B9234C280B00DB76D9 /* Assets.xcassets */; };
		726E85BD234C280B00DB76D9 /* Preview Assets.xcassets in Resources */ = {isa = PBXBuildFile; fileRef = 726E85BC234C280B00DB76D9 /* Preview Assets.xcassets */; };
		726E85C0234C280B00DB76D9 /* LaunchScreen.storyboard in Resources */ = {isa = PBXBuildFile; fileRef = 726E85BE234C280B00DB76D9 /* LaunchScreen.storyboard */; };
		726E85CB234C280C00DB76D9 /* UITestTests.swift in Sources */ = {isa = PBXBuildFile; fileRef = 726E85CA234C280C00DB76D9 /* UITestTests.swift */; };
		726E85D6234C280C00DB76D9 /* UITestUITests.swift in Sources */ = {isa = PBXBuildFile; fileRef = 726E85D5234C280C00DB76D9 /* UITestUITests.swift */; };
/* End PBXBuildFile section */

/* Begin PBXContainerItemProxy section */
		726E85C7234C280C00DB76D9 /* PBXContainerItemProxy */ = {
			isa = PBXContainerItemProxy;
			containerPortal = 726E85A5234C280800DB76D9 /* Project object */;
			proxyType = 1;
			remoteGlobalIDString = 726E85AC234C280800DB76D9;
			remoteInfo = UITest;
		};
		726E85D2234C280C00DB76D9 /* PBXContainerItemProxy */ = {
			isa = PBXContainerItemProxy;
			containerPortal = 726E85A5234C280800DB76D9 /* Project object */;
			proxyType = 1;
			remoteGlobalIDString = 726E85AC234C280800DB76D9;
			remoteInfo = UITest;
		};
/* End PBXContainerItemProxy section */

/* Begin PBXFileReference section */
		726E85AD234C280800DB76D9 /* UITest.app */ = {isa = PBXFileReference; explicitFileType = wrapper.application; includeInIndex = 0; path = UITest.app; sourceTree = BUILT_PRODUCTS_DIR; };
		726E85B0234C280800DB76D9 /* AppDelegate.swift */ = {isa = PBXFileReference; lastKnownFileType = sourcecode.swift; path = AppDelegate.swift; sourceTree = "<group>"; };
		726E85B2234C280800DB76D9 /* SceneDelegate.swift */ = {isa = PBXFileReference; lastKnownFileType = sourcecode.swift; path = SceneDelegate.swift; sourceTree = "<group>"; };
		726E85B5234C280800DB76D9 /* UITest.xcdatamodel */ = {isa = PBXFileReference; lastKnownFileType = wrapper.xcdatamodel; path = UITest.xcdatamodel; sourceTree = "<group>"; };
		726E85B7234C280800DB76D9 /* ContentView.swift */ = {isa = PBXFileReference; lastKnownFileType = sourcecode.swift; path = ContentView.swift; sourceTree = "<group>"; };
		726E85B9234C280B00DB76D9 /* Assets.xcassets */ = {isa = PBXFileReference; lastKnownFileType = folder.assetcatalog; path = Assets.xcassets; sourceTree = "<group>"; };
		726E85BC234C280B00DB76D9 /* Preview Assets.xcassets */ = {isa = PBXFileReference; lastKnownFileType = folder.assetcatalog; path = "Preview Assets.xcassets"; sourceTree = "<group>"; };
		726E85BF234C280B00DB76D9 /* Base */ = {isa = PBXFileReference; lastKnownFileType = file.storyboard; name = Base; path = Base.lproj/LaunchScreen.storyboard; sourceTree = "<group>"; };
		726E85C1234C280B00DB76D9 /* Info.plist */ = {isa = PBXFileReference; lastKnownFileType = text.plist.xml; path = Info.plist; sourceTree = "<group>"; };
		726E85C6234C280C00DB76D9 /* UITestTests.xctest */ = {isa = PBXFileReference; explicitFileType = wrapper.cfbundle; includeInIndex = 0; path = UITestTests.xctest; sourceTree = BUILT_PRODUCTS_DIR; };
		726E85CA234C280C00DB76D9 /* UITestTests.swift */ = {isa = PBXFileReference; lastKnownFileType = sourcecode.swift; path = UITestTests.swift; sourceTree = "<group>"; };
		726E85CC234C280C00DB76D9 /* Info.plist */ = {isa = PBXFileReference; lastKnownFileType = text.plist.xml; path = Info.plist; sourceTree = "<group>"; };
		726E85D1234C280C00DB76D9 /* UITestUITests.xctest */ = {isa = PBXFileReference; explicitFileType = wrapper.cfbundle; includeInIndex = 0; path = UITestUITests.xctest; sourceTree = BUILT_PRODUCTS_DIR; };
		726E85D5234C280C00DB76D9 /* UITestUITests.swift */ = {isa = PBXFileReference; lastKnownFileType = sourcecode.swift; path = UITestUITests.swift; sourceTree = "<group>"; };
		726E85D7234C280C00DB76D9 /* Info.plist */ = {isa = PBXFileReference; lastKnownFileType = text.plist.xml; path = Info.plist; sourceTree = "<group>"; };
/* End PBXFileReference section */

/* Begin PBXFrameworksBuildPhase section */
		726E85AA234C280800DB76D9 /* Frameworks */ = {
			isa = PBXFrameworksBuildPhase;
			buildActionMask = 2147483647;
			files = (
			);
			runOnlyForDeploymentPostprocessing = 0;
		};
		726E85C3234C280C00DB76D9 /* Frameworks */ = {
			isa = PBXFrameworksBuildPhase;
			buildActionMask = 2147483647;
			files = (
			);
			runOnlyForDeploymentPostprocessing = 0;
		};
		726E85CE234C280C00DB76D9 /* Frameworks */ = {
			isa = PBXFrameworksBuildPhase;
			buildActionMask = 2147483647;
			files = (
			);
			runOnlyForDeploymentPostprocessing = 0;
		};
/* End PBXFrameworksBuildPhase section */

/* Begin PBXGroup section */
		726E85A4234C280800DB76D9 = {
			isa = PBXGroup;
			children = (
				726E85AF234C280800DB76D9 /* UITest */,
				726E85C9234C280C00DB76D9 /* UITestTests */,
				726E85D4234C280C00DB76D9 /* UITestUITests */,
				726E85AE234C280800DB76D9 /* Products */,
			);
			sourceTree = "<group>";
		};
		726E85AE234C280800DB76D9 /* Products */ = {
			isa = PBXGroup;
			children = (
				726E85AD234C280800DB76D9 /* UITest.app */,
				726E85C6234C280C00DB76D9 /* UITestTests.xctest */,
				726E85D1234C280C00DB76D9 /* UITestUITests.xctest */,
			);
			name = Products;
			sourceTree = "<group>";
		};
		726E85AF234C280800DB76D9 /* UITest */ = {
			isa = PBXGroup;
			children = (
				726E85B0234C280800DB76D9 /* AppDelegate.swift */,
				726E85B2234C280800DB76D9 /* SceneDelegate.swift */,
				726E85B7234C280800DB76D9 /* ContentView.swift */,
				726E85B9234C280B00DB76D9 /* Assets.xcassets */,
				726E85BE234C280B00DB76D9 /* LaunchScreen.storyboard */,
				726E85C1234C280B00DB76D9 /* Info.plist */,
				726E85B4234C280800DB76D9 /* UITest.xcdatamodeld */,
				726E85BB234C280B00DB76D9 /* Preview Content */,
			);
			path = UITest;
			sourceTree = "<group>";
		};
		726E85BB234C280B00DB76D9 /* Preview Content */ = {
			isa = PBXGroup;
			children = (
				726E85BC234C280B00DB76D9 /* Preview Assets.xcassets */,
			);
			path = "Preview Content";
			sourceTree = "<group>";
		};
		726E85C9234C280C00DB76D9 /* UITestTests */ = {
			isa = PBXGroup;
			children = (
				726E85CA234C280C00DB76D9 /* UITestTests.swift */,
				726E85CC234C280C00DB76D9 /* Info.plist */,
			);
			path = UITestTests;
			sourceTree = "<group>";
		};
		726E85D4234C280C00DB76D9 /* UITestUITests */ = {
			isa = PBXGroup;
			children = (
				726E85D5234C280C00DB76D9 /* UITestUITests.swift */,
				726E85D7234C280C00DB76D9 /* Info.plist */,
			);
			path = UITestUITests;
			sourceTree = "<group>";
		};
/* End PBXGroup section */

/* Begin PBXNativeTarget section */
		726E85AC234C280800DB76D9 /* UITest */ = {
			isa = PBXNativeTarget;
			buildConfigurationList = 726E85DA234C280C00DB76D9 /* Build configuration list for PBXNativeTarget "UITest" */;
			buildPhases = (
				726E85A9234C280800DB76D9 /* Sources */,
				726E85AA234C280800DB76D9 /* Frameworks */,
				726E85AB234C280800DB76D9 /* Resources */,
			);
			buildRules = (
			);
			dependencies = (
			);
			name = UITest;
			productName = UITest;
			productReference = 726E85AD234C280800DB76D9 /* UITest.app */;
			productType = "com.apple.product-type.application";
		};
		726E85C5234C280C00DB76D9 /* UITestTests */ = {
			isa = PBXNativeTarget;
			buildConfigurationList = 726E85DD234C280C00DB76D9 /* Build configuration list for PBXNativeTarget "UITestTests" */;
			buildPhases = (
				726E85C2234C280C00DB76D9 /* Sources */,
				726E85C3234C280C00DB76D9 /* Frameworks */,
				726E85C4234C280C00DB76D9 /* Resources */,
			);
			buildRules = (
			);
			dependencies = (
				726E85C8234C280C00DB76D9 /* PBXTargetDependency */,
			);
			name = UITestTests;
			productName = UITestTests;
			productReference = 726E85C6234C280C00DB76D9 /* UITestTests.xctest */;
			productType = "com.apple.product-type.bundle.unit-test";
		};
		726E85D0234C280C00DB76D9 /* UITestUITests */ = {
			isa = PBXNativeTarget;
			buildConfigurationList = 726E85E0234C280C00DB76D9 /* Build configuration list for PBXNativeTarget "UITestUITests" */;
			buildPhases = (
				726E85CD234C280C00DB76D9 /* Sources */,
				726E85CE234C280C00DB76D9 /* Frameworks */,
				726E85CF234C280C00DB76D9 /* Resources */,
			);
			buildRules = (
			);
			dependencies = (
				726E85D3234C280C00DB76D9 /* PBXTargetDependency */,
			);
			name = UITestUITests;
			productName = UITestUITests;
			productReference = 726E85D1234C280C00DB76D9 /* UITestUITests.xctest */;
			productType = "com.apple.product-type.bundle.ui-testing";
		};
/* End PBXNativeTarget section */

/* Begin PBXProject section */
		726E85A5234C280800DB76D9 /* Project object */ = {
			isa = PBXProject;
			attributes = {
				LastSwiftUpdateCheck = 1100;
				LastUpgradeCheck = 1100;
				ORGANIZATIONNAME = "Osvaldo Murillo";
				TargetAttributes = {
					726E85AC234C280800DB76D9 = {
						CreatedOnToolsVersion = 11.0;
					};
					726E85C5234C280C00DB76D9 = {
						CreatedOnToolsVersion = 11.0;
						TestTargetID = 726E85AC234C280800DB76D9;
					};
					726E85D0234C280C00DB76D9 = {
						CreatedOnToolsVersion = 11.0;
						TestTargetID = 726E85AC234C280800DB76D9;
					};
				};
			};
			buildConfigurationList = 726E85A8234C280800DB76D9 /* Build configuration list for PBXProject "UITest" */;
			compatibilityVersion = "Xcode 9.3";
			developmentRegion = en;
			hasScannedForEncodings = 0;
			knownRegions = (
				en,
				Base,
			);
			mainGroup = 726E85A4234C280800DB76D9;
			productRefGroup = 726E85AE234C280800DB76D9 /* Products */;
			projectDirPath = "";
			projectRoot = "";
			targets = (
				726E85AC234C280800DB76D9 /* UITest */,
				726E85C5234C280C00DB76D9 /* UITestTests */,
				726E85D0234C280C00DB76D9 /* UITestUITests */,
			);
		};
/* End PBXProject section */

/* Begin PBXResourcesBuildPhase section */
		726E85AB234C280800DB76D9 /* Resources */ = {
			isa = PBXResourcesBuildPhase;
			buildActionMask = 2147483647;
			files = (
				726E85C0234C280B00DB76D9 /* LaunchScreen.storyboard in Resources */,
				726E85BD234C280B00DB76D9 /* Preview Assets.xcassets in Resources */,
				726E85BA234C280B00DB76D9 /* Assets.xcassets in Resources */,
			);
			runOnlyForDeploymentPostprocessing = 0;
		};
		726E85C4234C280C00DB76D9 /* Resources */ = {
			isa = PBXResourcesBuildPhase;
			buildActionMask = 2147483647;
			files = (
			);
			runOnlyForDeploymentPostprocessing = 0;
		};
		726E85CF234C280C00DB76D9 /* Resources */ = {
			isa = PBXResourcesBuildPhase;
			buildActionMask = 2147483647;
			files = (
			);
			runOnlyForDeploymentPostprocessing = 0;
		};
/* End PBXResourcesBuildPhase section */

/* Begin PBXSourcesBuildPhase section */
		726E85A9234C280800DB76D9 /* Sources */ = {
			isa = PBXSourcesBuildPhase;
			buildActionMask = 2147483647;
			files = (
				726E85B1234C280800DB76D9 /* AppDelegate.swift in Sources */,
				726E85B3234C280800DB76D9 /* SceneDelegate.swift in Sources */,
				726E85B8234C280800DB76D9 /* ContentView.swift in Sources */,
				726E85B6234C280800DB76D9 /* UITest.xcdatamodeld in Sources */,
			);
			runOnlyForDeploymentPostprocessing = 0;
		};
		726E85C2234C280C00DB76D9 /* Sources */ = {
			isa = PBXSourcesBuildPhase;
			buildActionMask = 2147483647;
			files = (
				726E85CB234C280C00DB76D9 /* UITestTests.swift in Sources */,
			);
			runOnlyForDeploymentPostprocessing = 0;
		};
		726E85CD234C280C00DB76D9 /* Sources */ = {
			isa = PBXSourcesBuildPhase;
			buildActionMask = 2147483647;
			files = (
				726E85D6234C280C00DB76D9 /* UITestUITests.swift in Sources */,
			);
			runOnlyForDeploymentPostprocessing = 0;
		};
/* End PBXSourcesBuildPhase section */

/* Begin PBXTargetDependency section */
		726E85C8234C280C00DB76D9 /* PBXTargetDependency */ = {
			isa = PBXTargetDependency;
			target = 726E85AC234C280800DB76D9 /* UITest */;
			targetProxy = 726E85C7234C280C00DB76D9 /* PBXContainerItemProxy */;
		};
		726E85D3234C280C00DB76D9 /* PBXTargetDependency */ = {
			isa = PBXTargetDependency;
			target = 726E85AC234C280800DB76D9 /* UITest */;
			targetProxy = 726E85D2234C280C00DB76D9 /* PBXContainerItemProxy */;
		};
/* End PBXTargetDependency section */

/* Begin PBXVariantGroup section */
		726E85BE234C280B00DB76D9 /* LaunchScreen.storyboard */ = {
			isa = PBXVariantGroup;
			children = (
				726E85BF234C280B00DB76D9 /* Base */,
			);
			name = LaunchScreen.storyboard;
			sourceTree = "<group>";
		};
/* End PBXVariantGroup section */

/* Begin XCBuildConfiguration section */
		726E85D8234C280C00DB76D9 /* Debug */ = {
			isa = XCBuildConfiguration;
			buildSettings = {
				ALWAYS_SEARCH_USER_PATHS = NO;
				CLANG_ANALYZER_NONNULL = YES;
				CLANG_ANALYZER_NUMBER_OBJECT_CONVERSION = YES_AGGRESSIVE;
				CLANG_CXX_LANGUAGE_STANDARD = "gnu++14";
				CLANG_CXX_LIBRARY = "libc++";
				CLANG_ENABLE_MODULES = YES;
				CLANG_ENABLE_OBJC_ARC = YES;
				CLANG_ENABLE_OBJC_WEAK = YES;
				CLANG_WARN_BLOCK_CAPTURE_AUTORELEASING = YES;
				CLANG_WARN_BOOL_CONVERSION = YES;
				CLANG_WARN_COMMA = YES;
				CLANG_WARN_CONSTANT_CONVERSION = YES;
				CLANG_WARN_DEPRECATED_OBJC_IMPLEMENTATIONS = YES;
				CLANG_WARN_DIRECT_OBJC_ISA_USAGE = YES_ERROR;
				CLANG_WARN_DOCUMENTATION_COMMENTS = YES;
				CLANG_WARN_EMPTY_BODY = YES;
				CLANG_WARN_ENUM_CONVERSION = YES;
				CLANG_WARN_INFINITE_RECURSION = YES;
				CLANG_WARN_INT_CONVERSION = YES;
				CLANG_WARN_NON_LITERAL_NULL_CONVERSION = YES;
				CLANG_WARN_OBJC_IMPLICIT_RETAIN_SELF = YES;
				CLANG_WARN_OBJC_LITERAL_CONVERSION = YES;
				CLANG_WARN_OBJC_ROOT_CLASS = YES_ERROR;
				CLANG_WARN_RANGE_LOOP_ANALYSIS = YES;
				CLANG_WARN_STRICT_PROTOTYPES = YES;
				CLANG_WARN_SUSPICIOUS_MOVE = YES;
				CLANG_WARN_UNGUARDED_AVAILABILITY = YES_AGGRESSIVE;
				CLANG_WARN_UNREACHABLE_CODE = YES;
				CLANG_WARN__DUPLICATE_METHOD_MATCH = YES;
				COPY_PHASE_STRIP = NO;
				DEBUG_INFORMATION_FORMAT = dwarf;
				ENABLE_STRICT_OBJC_MSGSEND = YES;
				ENABLE_TESTABILITY = YES;
				GCC_C_LANGUAGE_STANDARD = gnu11;
				GCC_DYNAMIC_NO_PIC = NO;
				GCC_NO_COMMON_BLOCKS = YES;
				GCC_OPTIMIZATION_LEVEL = 0;
				GCC_PREPROCESSOR_DEFINITIONS = (
					"DEBUG=1",
					"$(inherited)",
				);
				GCC_WARN_64_TO_32_BIT_CONVERSION = YES;
				GCC_WARN_ABOUT_RETURN_TYPE = YES_ERROR;
				GCC_WARN_UNDECLARED_SELECTOR = YES;
				GCC_WARN_UNINITIALIZED_AUTOS = YES_AGGRESSIVE;
				GCC_WARN_UNUSED_FUNCTION = YES;
				GCC_WARN_UNUSED_VARIABLE = YES;
				IPHONEOS_DEPLOYMENT_TARGET = 13.0;
				MTL_ENABLE_DEBUG_INFO = INCLUDE_SOURCE;
				MTL_FAST_MATH = YES;
				ONLY_ACTIVE_ARCH = YES;
				SDKROOT = iphoneos;
				SWIFT_ACTIVE_COMPILATION_CONDITIONS = DEBUG;
				SWIFT_OPTIMIZATION_LEVEL = "-Onone";
			};
			name = Debug;
		};
		726E85D9234C280C00DB76D9 /* Release */ = {
			isa = XCBuildConfiguration;
			buildSettings = {
				ALWAYS_SEARCH_USER_PATHS = NO;
				CLANG_ANALYZER_NONNULL = YES;
				CLANG_ANALYZER_NUMBER_OBJECT_CONVERSION = YES_AGGRESSIVE;
				CLANG_CXX_LANGUAGE_STANDARD = "gnu++14";
				CLANG_CXX_LIBRARY = "libc++";
				CLANG_ENABLE_MODULES = YES;
				CLANG_ENABLE_OBJC_ARC = YES;
				CLANG_ENABLE_OBJC_WEAK = YES;
				CLANG_WARN_BLOCK_CAPTURE_AUTORELEASING = YES;
				CLANG_WARN_BOOL_CONVERSION = YES;
				CLANG_WARN_COMMA = YES;
				CLANG_WARN_CONSTANT_CONVERSION = YES;
				CLANG_WARN_DEPRECATED_OBJC_IMPLEMENTATIONS = YES;
				CLANG_WARN_DIRECT_OBJC_ISA_USAGE = YES_ERROR;
				CLANG_WARN_DOCUMENTATION_COMMENTS = YES;
				CLANG_WARN_EMPTY_BODY = YES;
				CLANG_WARN_ENUM_CONVERSION = YES;
				CLANG_WARN_INFINITE_RECURSION = YES;
				CLANG_WARN_INT_CONVERSION = YES;
				CLANG_WARN_NON_LITERAL_NULL_CONVERSION = YES;
				CLANG_WARN_OBJC_IMPLICIT_RETAIN_SELF = YES;
				CLANG_WARN_OBJC_LITERAL_CONVERSION = YES;
				CLANG_WARN_OBJC_ROOT_CLASS = YES_ERROR;
				CLANG_WARN_RANGE_LOOP_ANALYSIS = YES;
				CLANG_WARN_STRICT_PROTOTYPES = YES;
				CLANG_WARN_SUSPICIOUS_MOVE = YES;
				CLANG_WARN_UNGUARDED_AVAILABILITY = YES_AGGRESSIVE;
				CLANG_WARN_UNREACHABLE_CODE = YES;
				CLANG_WARN__DUPLICATE_METHOD_MATCH = YES;
				COPY_PHASE_STRIP = NO;
				DEBUG_INFORMATION_FORMAT = "dwarf-with-dsym";
				ENABLE_NS_ASSERTIONS = NO;
				ENABLE_STRICT_OBJC_MSGSEND = YES;
				GCC_C_LANGUAGE_STANDARD = gnu11;
				GCC_NO_COMMON_BLOCKS = YES;
				GCC_WARN_64_TO_32_BIT_CONVERSION = YES;
				GCC_WARN_ABOUT_RETURN_TYPE = YES_ERROR;
				GCC_WARN_UNDECLARED_SELECTOR = YES;
				GCC_WARN_UNINITIALIZED_AUTOS = YES_AGGRESSIVE;
				GCC_WARN_UNUSED_FUNCTION = YES;
				GCC_WARN_UNUSED_VARIABLE = YES;
				IPHONEOS_DEPLOYMENT_TARGET = 13.0;
				MTL_ENABLE_DEBUG_INFO = NO;
				MTL_FAST_MATH = YES;
				SDKROOT = iphoneos;
				SWIFT_COMPILATION_MODE = wholemodule;
				SWIFT_OPTIMIZATION_LEVEL = "-O";
				VALIDATE_PRODUCT = YES;
			};
			name = Release;
		};
		726E85DB234C280C00DB76D9 /* Debug */ = {
			isa = XCBuildConfiguration;
			buildSettings = {
				ASSETCATALOG_COMPILER_APPICON_NAME = AppIcon;
				CODE_SIGN_STYLE = Automatic;
				DEVELOPMENT_ASSET_PATHS = "\"UITest/Preview Content\"";
				DEVELOPMENT_TEAM = 8B3H85G4NF;
				ENABLE_PREVIEWS = YES;
				INFOPLIST_FILE = UITest/Info.plist;
				LD_RUNPATH_SEARCH_PATHS = (
					"$(inherited)",
					"@executable_path/Frameworks",
				);
				PRODUCT_BUNDLE_IDENTIFIER = com.osvaldo.UITest;
				PRODUCT_NAME = "$(TARGET_NAME)";
				SWIFT_VERSION = 5.0;
				TARGETED_DEVICE_FAMILY = "1,2";
			};
			name = Debug;
		};
		726E85DC234C280C00DB76D9 /* Release */ = {
			isa = XCBuildConfiguration;
			buildSettings = {
				ASSETCATALOG_COMPILER_APPICON_NAME = AppIcon;
				CODE_SIGN_STYLE = Automatic;
				DEVELOPMENT_ASSET_PATHS = "\"UITest/Preview Content\"";
				DEVELOPMENT_TEAM = 8B3H85G4NF;
				ENABLE_PREVIEWS = YES;
				INFOPLIST_FILE = UITest/Info.plist;
				LD_RUNPATH_SEARCH_PATHS = (
					"$(inherited)",
					"@executable_path/Frameworks",
				);
				PRODUCT_BUNDLE_IDENTIFIER = com.osvaldo.UITest;
				PRODUCT_NAME = "$(TARGET_NAME)";
				SWIFT_VERSION = 5.0;
				TARGETED_DEVICE_FAMILY = "1,2";
			};
			name = Release;
		};
		726E85DE234C280C00DB76D9 /* Debug */ = {
			isa = XCBuildConfiguration;
			buildSettings = {
				ALWAYS_EMBED_SWIFT_STANDARD_LIBRARIES = YES;
				BUNDLE_LOADER = "$(TEST_HOST)";
				CODE_SIGN_STYLE = Automatic;
				DEVELOPMENT_TEAM = 8B3H85G4NF;
				INFOPLIST_FILE = UITestTests/Info.plist;
				IPHONEOS_DEPLOYMENT_TARGET = 13.0;
				LD_RUNPATH_SEARCH_PATHS = (
					"$(inherited)",
					"@executable_path/Frameworks",
					"@loader_path/Frameworks",
				);
				PRODUCT_BUNDLE_IDENTIFIER = com.osvaldo.UITestTests;
				PRODUCT_NAME = "$(TARGET_NAME)";
				SWIFT_VERSION = 5.0;
				TARGETED_DEVICE_FAMILY = "1,2";
				TEST_HOST = "$(BUILT_PRODUCTS_DIR)/UITest.app/UITest";
			};
			name = Debug;
		};
		726E85DF234C280C00DB76D9 /* Release */ = {
			isa = XCBuildConfiguration;
			buildSettings = {
				ALWAYS_EMBED_SWIFT_STANDARD_LIBRARIES = YES;
				BUNDLE_LOADER = "$(TEST_HOST)";
				CODE_SIGN_STYLE = Automatic;
				DEVELOPMENT_TEAM = 8B3H85G4NF;
				INFOPLIST_FILE = UITestTests/Info.plist;
				IPHONEOS_DEPLOYMENT_TARGET = 13.0;
				LD_RUNPATH_SEARCH_PATHS = (
					"$(inherited)",
					"@executable_path/Frameworks",
					"@loader_path/Frameworks",
				);
				PRODUCT_BUNDLE_IDENTIFIER = com.osvaldo.UITestTests;
				PRODUCT_NAME = "$(TARGET_NAME)";
				SWIFT_VERSION = 5.0;
				TARGETED_DEVICE_FAMILY = "1,2";
				TEST_HOST = "$(BUILT_PRODUCTS_DIR)/UITest.app/UITest";
			};
			name = Release;
		};
		726E85E1234C280C00DB76D9 /* Debug */ = {
			isa = XCBuildConfiguration;
			buildSettings = {
				ALWAYS_EMBED_SWIFT_STANDARD_LIBRARIES = YES;
				CODE_SIGN_STYLE = Automatic;
				DEVELOPMENT_TEAM = 8B3H85G4NF;
				INFOPLIST_FILE = UITestUITests/Info.plist;
				LD_RUNPATH_SEARCH_PATHS = (
					"$(inherited)",
					"@executable_path/Frameworks",
					"@loader_path/Frameworks",
				);
				PRODUCT_BUNDLE_IDENTIFIER = com.osvaldo.UITestUITests;
				PRODUCT_NAME = "$(TARGET_NAME)";
				SWIFT_VERSION = 5.0;
				TARGETED_DEVICE_FAMILY = "1,2";
				TEST_TARGET_NAME = UITest;
			};
			name = Debug;
		};
		726E85E2234C280C00DB76D9 /* Release */ = {
			isa = XCBuildConfiguration;
			buildSettings = {
				ALWAYS_EMBED_SWIFT_STANDARD_LIBRARIES = YES;
				CODE_SIGN_STYLE = Automatic;
				DEVELOPMENT_TEAM = 8B3H85G4NF;
				INFOPLIST_FILE = UITestUITests/Info.plist;
				LD_RUNPATH_SEARCH_PATHS = (
					"$(inherited)",
					"@executable_path/Frameworks",
					"@loader_path/Frameworks",
				);
				PRODUCT_BUNDLE_IDENTIFIER = com.osvaldo.UITestUITests;
				PRODUCT_NAME = "$(TARGET_NAME)";
				SWIFT_VERSION = 5.0;
				TARGETED_DEVICE_FAMILY = "1,2";
				TEST_TARGET_NAME = UITest;
			};
			name = Release;
		};
/* End XCBuildConfiguration section */

/* Begin XCConfigurationList section */
		726E85A8234C280800DB76D9 /* Build configuration list for PBXProject "UITest" */ = {
			isa = XCConfigurationList;
			buildConfigurations = (
				726E85D8234C280C00DB76D9 /* Debug */,
				726E85D9234C280C00DB76D9 /* Release */,
			);
			defaultConfigurationIsVisible = 0;
			defaultConfigurationName = Release;
		};
		726E85DA234C280C00DB76D9 /* Build configuration list for PBXNativeTarget "UITest" */ = {
			isa = XCConfigurationList;
			buildConfigurations = (
				726E85DB234C280C00DB76D9 /* Debug */,
				726E85DC234C280C00DB76D9 /* Release */,
			);
			defaultConfigurationIsVisible = 0;
			defaultConfigurationName = Release;
		};
		726E85DD234C280C00DB76D9 /* Build configuration list for PBXNativeTarget "UITestTests" */ = {
			isa = XCConfigurationList;
			buildConfigurations = (
				726E85DE234C280C00DB76D9 /* Debug */,
				726E85DF234C280C00DB76D9 /* Release */,
			);
			defaultConfigurationIsVisible = 0;
			defaultConfigurationName = Release;
		};
		726E85E0234C280C00DB76D9 /* Build configuration list for PBXNativeTarget "UITestUITests" */ = {
			isa = XCConfigurationList;
			buildConfigurations = (
				726E85E1234C280C00DB76D9 /* Debug */,
				726E85E2234C280C00DB76D9 /* Release */,
			);
			defaultConfigurationIsVisible = 0;
			defaultConfigurationName = Release;
		};
/* End XCConfigurationList section */

/* Begin XCVersionGroup section */
		726E85B4234C280800DB76D9 /* UITest.xcdatamodeld */ = {
			isa = XCVersionGroup;
			children = (
				726E85B5234C280800DB76D9 /* UITest.xcdatamodel */,
			);
			currentVersion = 726E85B5234C280800DB76D9 /* UITest.xcdatamodel */;
			path = UITest.xcdatamodeld;
			sourceTree = "<group>";
			versionGroupType = wrapper.xcdatamodel;
		};
/* End XCVersionGroup section */
	};
	rootObject = 726E85A5234C280800DB76D9 /* Project object */;
}
